// !$*UTF8*$!
{
	archiveVersion = 1;
	classes = {
	};
	objectVersion = 46;
	objects = {

/* Begin PBXBuildFile section */
		E74811F01B8464C40009D2D8 /* MBProgressHUD.m in Sources */ = {isa = PBXBuildFile; fileRef = E74811D41B8464C40009D2D8 /* MBProgressHUD.m */; };
		E74811F11B8464C40009D2D8 /* MJRefresh.bundle in Resources */ = {isa = PBXBuildFile; fileRef = E74811D61B8464C40009D2D8 /* MJRefresh.bundle */; };
		E74811F21B8464C40009D2D8 /* MJRefreshBaseView.m in Sources */ = {isa = PBXBuildFile; fileRef = E74811D91B8464C40009D2D8 /* MJRefreshBaseView.m */; };
		E74811F31B8464C40009D2D8 /* MJRefreshFooterView.m in Sources */ = {isa = PBXBuildFile; fileRef = E74811DB1B8464C40009D2D8 /* MJRefreshFooterView.m */; };
		E74811F41B8464C40009D2D8 /* MJRefreshHeaderView.m in Sources */ = {isa = PBXBuildFile; fileRef = E74811DD1B8464C40009D2D8 /* MJRefreshHeaderView.m */; };
		E74811F51B8464C40009D2D8 /* SDURLCache.m in Sources */ = {isa = PBXBuildFile; fileRef = E74811E01B8464C40009D2D8 /* SDURLCache.m */; };
		E74811F81B8464C40009D2D8 /* UUInputAccessoryView.m in Sources */ = {isa = PBXBuildFile; fileRef = E74811E71B8464C40009D2D8 /* UUInputAccessoryView.m */; };
		E748120A1B8469480009D2D8 /* UIView+HUD.m in Sources */ = {isa = PBXBuildFile; fileRef = E74811FE1B8469480009D2D8 /* UIView+HUD.m */; };
		E748120B1B8469480009D2D8 /* UIViewController+HUD.m in Sources */ = {isa = PBXBuildFile; fileRef = E74812001B8469480009D2D8 /* UIViewController+HUD.m */; };
		E748120C1B8469480009D2D8 /* 37x-Checkmark.png in Resources */ = {isa = PBXBuildFile; fileRef = E74812021B8469480009D2D8 /* 37x-Checkmark.png */; };
		E748120D1B8469480009D2D8 /* 37x-Checkmark@2x.png in Resources */ = {isa = PBXBuildFile; fileRef = E74812031B8469480009D2D8 /* 37x-Checkmark@2x.png */; };
		E748120E1B8469480009D2D8 /* icon-error.png in Resources */ = {isa = PBXBuildFile; fileRef = E74812041B8469480009D2D8 /* icon-error.png */; };
		E748120F1B8469480009D2D8 /* icon-error@2x.png in Resources */ = {isa = PBXBuildFile; fileRef = E74812051B8469480009D2D8 /* icon-error@2x.png */; };
		E74812101B8469480009D2D8 /* icon-info.png in Resources */ = {isa = PBXBuildFile; fileRef = E74812061B8469480009D2D8 /* icon-info.png */; };
		E74812111B8469480009D2D8 /* icon-info@2x.png in Resources */ = {isa = PBXBuildFile; fileRef = E74812071B8469480009D2D8 /* icon-info@2x.png */; };
		E74812121B8469480009D2D8 /* icon-success.png in Resources */ = {isa = PBXBuildFile; fileRef = E74812081B8469480009D2D8 /* icon-success.png */; };
		E74812131B8469480009D2D8 /* icon-success@2x.png in Resources */ = {isa = PBXBuildFile; fileRef = E74812091B8469480009D2D8 /* icon-success@2x.png */; };
		E798B8491B85B7A700FA96B2 /* NSString+create.m in Sources */ = {isa = PBXBuildFile; fileRef = E798B83F1B85B7A700FA96B2 /* NSString+create.m */; };
		E798B84A1B85B7A700FA96B2 /* UIColor+Util.m in Sources */ = {isa = PBXBuildFile; fileRef = E798B8421B85B7A700FA96B2 /* UIColor+Util.m */; };
		E798B84B1B85B7A700FA96B2 /* UIView+Util.m in Sources */ = {isa = PBXBuildFile; fileRef = E798B8451B85B7A700FA96B2 /* UIView+Util.m */; };
		E798B84C1B85B7A700FA96B2 /* UIWebView+operations.m in Sources */ = {isa = PBXBuildFile; fileRef = E798B8481B85B7A700FA96B2 /* UIWebView+operations.m */; };
		E798B84F1B85C87600FA96B2 /* NSString+drawing.m in Sources */ = {isa = PBXBuildFile; fileRef = E798B84E1B85C87600FA96B2 /* NSString+drawing.m */; };
		E798B8531B85D78F00FA96B2 /* NSDate+Utils.m in Sources */ = {isa = PBXBuildFile; fileRef = E798B8521B85D78F00FA96B2 /* NSDate+Utils.m */; };
		E798B85B1B85D79F00FA96B2 /* libmp3lame.a in Frameworks */ = {isa = PBXBuildFile; fileRef = E798B8561B85D79F00FA96B2 /* libmp3lame.a */; };
		E798B85C1B85D79F00FA96B2 /* Mp3Recorder.m in Sources */ = {isa = PBXBuildFile; fileRef = E798B8581B85D79F00FA96B2 /* Mp3Recorder.m */; };
		E798B85D1B85D79F00FA96B2 /* UUAVAudioPlayer.m in Sources */ = {isa = PBXBuildFile; fileRef = E798B85A1B85D79F00FA96B2 /* UUAVAudioPlayer.m */; };
		E798B8601B85DF3C00FA96B2 /* CommonNotifications.m in Sources */ = {isa = PBXBuildFile; fileRef = E798B85F1B85DF3C00FA96B2 /* CommonNotifications.m */; };
		E7D55DA41B831222004A33FF /* Foundation.framework in Frameworks */ = {isa = PBXBuildFile; fileRef = E7D55DA31B831222004A33FF /* Foundation.framework */; };
		E7D55DA61B831222004A33FF /* CoreGraphics.framework in Frameworks */ = {isa = PBXBuildFile; fileRef = E7D55DA51B831222004A33FF /* CoreGraphics.framework */; };
		E7D55DA81B831222004A33FF /* UIKit.framework in Frameworks */ = {isa = PBXBuildFile; fileRef = E7D55DA71B831222004A33FF /* UIKit.framework */; };
		E7D55DAE1B831222004A33FF /* InfoPlist.strings in Resources */ = {isa = PBXBuildFile; fileRef = E7D55DAC1B831222004A33FF /* InfoPlist.strings */; };
		E7D55DB01B831222004A33FF /* main.m in Sources */ = {isa = PBXBuildFile; fileRef = E7D55DAF1B831222004A33FF /* main.m */; };
		E7D55DB41B831222004A33FF /* AppDelegate.m in Sources */ = {isa = PBXBuildFile; fileRef = E7D55DB31B831222004A33FF /* AppDelegate.m */; };
		E7D55DB61B831222004A33FF /* Images.xcassets in Resources */ = {isa = PBXBuildFile; fileRef = E7D55DB51B831222004A33FF /* Images.xcassets */; };
		E7D55DBD1B831222004A33FF /* XCTest.framework in Frameworks */ = {isa = PBXBuildFile; fileRef = E7D55DBC1B831222004A33FF /* XCTest.framework */; };
		E7D55DBE1B831222004A33FF /* Foundation.framework in Frameworks */ = {isa = PBXBuildFile; fileRef = E7D55DA31B831222004A33FF /* Foundation.framework */; };
		E7D55DBF1B831222004A33FF /* UIKit.framework in Frameworks */ = {isa = PBXBuildFile; fileRef = E7D55DA71B831222004A33FF /* UIKit.framework */; };
		E7D55DC71B831222004A33FF /* InfoPlist.strings in Resources */ = {isa = PBXBuildFile; fileRef = E7D55DC51B831222004A33FF /* InfoPlist.strings */; };
		E7D55DC91B831222004A33FF /* NormalUtilsTests.m in Sources */ = {isa = PBXBuildFile; fileRef = E7D55DC81B831222004A33FF /* NormalUtilsTests.m */; };
		E7D55DE81B831810004A33FF /* BaseViewController.m in Sources */ = {isa = PBXBuildFile; fileRef = E7D55DE01B831810004A33FF /* BaseViewController.m */; };
		E7D55DE91B831810004A33FF /* Util_Blocks.m in Sources */ = {isa = PBXBuildFile; fileRef = E7D55DE31B831810004A33FF /* Util_Blocks.m */; };
		E7D55DEA1B831810004A33FF /* MainViewController.m in Sources */ = {isa = PBXBuildFile; fileRef = E7D55DE61B831810004A33FF /* MainViewController.m */; };
		E7D55DEB1B831810004A33FF /* MainViewController.xib in Resources */ = {isa = PBXBuildFile; fileRef = E7D55DE71B831810004A33FF /* MainViewController.xib */; };
		E7D55DF01B83190E004A33FF /* GlobCaches.m in Sources */ = {isa = PBXBuildFile; fileRef = E7D55DEF1B83190E004A33FF /* GlobCaches.m */; };
		E7D55DF31B83196E004A33FF /* BaseNavigationController.m in Sources */ = {isa = PBXBuildFile; fileRef = E7D55DF21B83196E004A33FF /* BaseNavigationController.m */; };
		E7D55DF61B831991004A33FF /* BaseView.m in Sources */ = {isa = PBXBuildFile; fileRef = E7D55DF51B831991004A33FF /* BaseView.m */; };
		E7D55DF91B8319DF004A33FF /* BaseTableViewCell.m in Sources */ = {isa = PBXBuildFile; fileRef = E7D55DF81B8319DF004A33FF /* BaseTableViewCell.m */; };
		E7D55DFC1B831AD7004A33FF /* MainNavigationController.m in Sources */ = {isa = PBXBuildFile; fileRef = E7D55DFB1B831AD7004A33FF /* MainNavigationController.m */; };
		E7D55DFF1B832673004A33FF /* BaseObject.m in Sources */ = {isa = PBXBuildFile; fileRef = E7D55DFE1B832673004A33FF /* BaseObject.m */; };
		E7D55E021B8326BD004A33FF /* ValidateUtil.m in Sources */ = {isa = PBXBuildFile; fileRef = E7D55E011B8326BD004A33FF /* ValidateUtil.m */; };
		E7D55E061B833F73004A33FF /* TestStringViewController.m in Sources */ = {isa = PBXBuildFile; fileRef = E7D55E041B833F73004A33FF /* TestStringViewController.m */; };
		E7D55E071B833F73004A33FF /* TestStringViewController.xib in Resources */ = {isa = PBXBuildFile; fileRef = E7D55E051B833F73004A33FF /* TestStringViewController.xib */; };
		E7D55E0B1B833FA1004A33FF /* TestImgCacheViewController.m in Sources */ = {isa = PBXBuildFile; fileRef = E7D55E091B833FA1004A33FF /* TestImgCacheViewController.m */; };
		E7D55E0C1B833FA1004A33FF /* TestImgCacheViewController.xib in Resources */ = {isa = PBXBuildFile; fileRef = E7D55E0A1B833FA1004A33FF /* TestImgCacheViewController.xib */; };
/* End PBXBuildFile section */

/* Begin PBXContainerItemProxy section */
		E7D55DC01B831222004A33FF /* PBXContainerItemProxy */ = {
			isa = PBXContainerItemProxy;
			containerPortal = E7D55D981B831222004A33FF /* Project object */;
			proxyType = 1;
			remoteGlobalIDString = E7D55D9F1B831222004A33FF;
			remoteInfo = NormalUtils;
		};
/* End PBXContainerItemProxy section */

/* Begin PBXFileReference section */
		E74811D31B8464C40009D2D8 /* MBProgressHUD.h */ = {isa = PBXFileReference; fileEncoding = 4; lastKnownFileType = sourcecode.c.h; path = MBProgressHUD.h; sourceTree = "<group>"; };
		E74811D41B8464C40009D2D8 /* MBProgressHUD.m */ = {isa = PBXFileReference; fileEncoding = 4; lastKnownFileType = sourcecode.c.objc; path = MBProgressHUD.m; sourceTree = "<group>"; };
		E74811D61B8464C40009D2D8 /* MJRefresh.bundle */ = {isa = PBXFileReference; lastKnownFileType = "wrapper.plug-in"; path = MJRefresh.bundle; sourceTree = "<group>"; };
		E74811D71B8464C40009D2D8 /* MJRefresh.h */ = {isa = PBXFileReference; fileEncoding = 4; lastKnownFileType = sourcecode.c.h; path = MJRefresh.h; sourceTree = "<group>"; };
		E74811D81B8464C40009D2D8 /* MJRefreshBaseView.h */ = {isa = PBXFileReference; fileEncoding = 4; lastKnownFileType = sourcecode.c.h; path = MJRefreshBaseView.h; sourceTree = "<group>"; };
		E74811D91B8464C40009D2D8 /* MJRefreshBaseView.m */ = {isa = PBXFileReference; fileEncoding = 4; lastKnownFileType = sourcecode.c.objc; path = MJRefreshBaseView.m; sourceTree = "<group>"; };
		E74811DA1B8464C40009D2D8 /* MJRefreshFooterView.h */ = {isa = PBXFileReference; fileEncoding = 4; lastKnownFileType = sourcecode.c.h; path = MJRefreshFooterView.h; sourceTree = "<group>"; };
		E74811DB1B8464C40009D2D8 /* MJRefreshFooterView.m */ = {isa = PBXFileReference; fileEncoding = 4; lastKnownFileType = sourcecode.c.objc; path = MJRefreshFooterView.m; sourceTree = "<group>"; };
		E74811DC1B8464C40009D2D8 /* MJRefreshHeaderView.h */ = {isa = PBXFileReference; fileEncoding = 4; lastKnownFileType = sourcecode.c.h; path = MJRefreshHeaderView.h; sourceTree = "<group>"; };
		E74811DD1B8464C40009D2D8 /* MJRefreshHeaderView.m */ = {isa = PBXFileReference; fileEncoding = 4; lastKnownFileType = sourcecode.c.objc; path = MJRefreshHeaderView.m; sourceTree = "<group>"; };
		E74811DF1B8464C40009D2D8 /* SDURLCache.h */ = {isa = PBXFileReference; fileEncoding = 4; lastKnownFileType = sourcecode.c.h; path = SDURLCache.h; sourceTree = "<group>"; };
		E74811E01B8464C40009D2D8 /* SDURLCache.m */ = {isa = PBXFileReference; fileEncoding = 4; lastKnownFileType = sourcecode.c.objc; path = SDURLCache.m; sourceTree = "<group>"; };
		E74811E61B8464C40009D2D8 /* UUInputAccessoryView.h */ = {isa = PBXFileReference; fileEncoding = 4; lastKnownFileType = sourcecode.c.h; path = UUInputAccessoryView.h; sourceTree = "<group>"; };
		E74811E71B8464C40009D2D8 /* UUInputAccessoryView.m */ = {isa = PBXFileReference; fileEncoding = 4; lastKnownFileType = sourcecode.c.objc; path = UUInputAccessoryView.m; sourceTree = "<group>"; };
		E74811FD1B8469480009D2D8 /* UIView+HUD.h */ = {isa = PBXFileReference; fileEncoding = 4; lastKnownFileType = sourcecode.c.h; path = "UIView+HUD.h"; sourceTree = "<group>"; };
		E74811FE1B8469480009D2D8 /* UIView+HUD.m */ = {isa = PBXFileReference; fileEncoding = 4; lastKnownFileType = sourcecode.c.objc; path = "UIView+HUD.m"; sourceTree = "<group>"; };
		E74811FF1B8469480009D2D8 /* UIViewController+HUD.h */ = {isa = PBXFileReference; fileEncoding = 4; lastKnownFileType = sourcecode.c.h; path = "UIViewController+HUD.h"; sourceTree = "<group>"; };
		E74812001B8469480009D2D8 /* UIViewController+HUD.m */ = {isa = PBXFileReference; fileEncoding = 4; lastKnownFileType = sourcecode.c.objc; path = "UIViewController+HUD.m"; sourceTree = "<group>"; };
		E74812021B8469480009D2D8 /* 37x-Checkmark.png */ = {isa = PBXFileReference; lastKnownFileType = image.png; path = "37x-Checkmark.png"; sourceTree = "<group>"; };
		E74812031B8469480009D2D8 /* 37x-Checkmark@2x.png */ = {isa = PBXFileReference; lastKnownFileType = image.png; path = "37x-Checkmark@2x.png"; sourceTree = "<group>"; };
		E74812041B8469480009D2D8 /* icon-error.png */ = {isa = PBXFileReference; lastKnownFileType = image.png; path = "icon-error.png"; sourceTree = "<group>"; };
		E74812051B8469480009D2D8 /* icon-error@2x.png */ = {isa = PBXFileReference; lastKnownFileType = image.png; path = "icon-error@2x.png"; sourceTree = "<group>"; };
		E74812061B8469480009D2D8 /* icon-info.png */ = {isa = PBXFileReference; lastKnownFileType = image.png; path = "icon-info.png"; sourceTree = "<group>"; };
		E74812071B8469480009D2D8 /* icon-info@2x.png */ = {isa = PBXFileReference; lastKnownFileType = image.png; path = "icon-info@2x.png"; sourceTree = "<group>"; };
		E74812081B8469480009D2D8 /* icon-success.png */ = {isa = PBXFileReference; lastKnownFileType = image.png; path = "icon-success.png"; sourceTree = "<group>"; };
		E74812091B8469480009D2D8 /* icon-success@2x.png */ = {isa = PBXFileReference; lastKnownFileType = image.png; path = "icon-success@2x.png"; sourceTree = "<group>"; };
		E798B83E1B85B7A700FA96B2 /* NSString+create.h */ = {isa = PBXFileReference; fileEncoding = 4; lastKnownFileType = sourcecode.c.h; path = "NSString+create.h"; sourceTree = "<group>"; };
		E798B83F1B85B7A700FA96B2 /* NSString+create.m */ = {isa = PBXFileReference; fileEncoding = 4; lastKnownFileType = sourcecode.c.objc; path = "NSString+create.m"; sourceTree = "<group>"; };
		E798B8411B85B7A700FA96B2 /* UIColor+Util.h */ = {isa = PBXFileReference; fileEncoding = 4; lastKnownFileType = sourcecode.c.h; path = "UIColor+Util.h"; sourceTree = "<group>"; };
		E798B8421B85B7A700FA96B2 /* UIColor+Util.m */ = {isa = PBXFileReference; fileEncoding = 4; lastKnownFileType = sourcecode.c.objc; path = "UIColor+Util.m"; sourceTree = "<group>"; };
		E798B8441B85B7A700FA96B2 /* UIView+Util.h */ = {isa = PBXFileReference; fileEncoding = 4; lastKnownFileType = sourcecode.c.h; path = "UIView+Util.h"; sourceTree = "<group>"; };
		E798B8451B85B7A700FA96B2 /* UIView+Util.m */ = {isa = PBXFileReference; fileEncoding = 4; lastKnownFileType = sourcecode.c.objc; path = "UIView+Util.m"; sourceTree = "<group>"; };
		E798B8471B85B7A700FA96B2 /* UIWebView+operations.h */ = {isa = PBXFileReference; fileEncoding = 4; lastKnownFileType = sourcecode.c.h; path = "UIWebView+operations.h"; sourceTree = "<group>"; };
		E798B8481B85B7A700FA96B2 /* UIWebView+operations.m */ = {isa = PBXFileReference; fileEncoding = 4; lastKnownFileType = sourcecode.c.objc; path = "UIWebView+operations.m"; sourceTree = "<group>"; };
		E798B84D1B85C87600FA96B2 /* NSString+drawing.h */ = {isa = PBXFileReference; fileEncoding = 4; lastKnownFileType = sourcecode.c.h; path = "NSString+drawing.h"; sourceTree = "<group>"; };
		E798B84E1B85C87600FA96B2 /* NSString+drawing.m */ = {isa = PBXFileReference; fileEncoding = 4; lastKnownFileType = sourcecode.c.objc; path = "NSString+drawing.m"; sourceTree = "<group>"; };
		E798B8511B85D78F00FA96B2 /* NSDate+Utils.h */ = {isa = PBXFileReference; fileEncoding = 4; lastKnownFileType = sourcecode.c.h; path = "NSDate+Utils.h"; sourceTree = "<group>"; };
		E798B8521B85D78F00FA96B2 /* NSDate+Utils.m */ = {isa = PBXFileReference; fileEncoding = 4; lastKnownFileType = sourcecode.c.objc; path = "NSDate+Utils.m"; sourceTree = "<group>"; };
		E798B8551B85D79F00FA96B2 /* lame.h */ = {isa = PBXFileReference; fileEncoding = 4; lastKnownFileType = sourcecode.c.h; path = lame.h; sourceTree = "<group>"; };
		E798B8561B85D79F00FA96B2 /* libmp3lame.a */ = {isa = PBXFileReference; lastKnownFileType = archive.ar; path = libmp3lame.a; sourceTree = "<group>"; };
		E798B8571B85D79F00FA96B2 /* Mp3Recorder.h */ = {isa = PBXFileReference; fileEncoding = 4; lastKnownFileType = sourcecode.c.h; path = Mp3Recorder.h; sourceTree = "<group>"; };
		E798B8581B85D79F00FA96B2 /* Mp3Recorder.m */ = {isa = PBXFileReference; fileEncoding = 4; lastKnownFileType = sourcecode.c.objc; path = Mp3Recorder.m; sourceTree = "<group>"; };
		E798B8591B85D79F00FA96B2 /* UUAVAudioPlayer.h */ = {isa = PBXFileReference; fileEncoding = 4; lastKnownFileType = sourcecode.c.h; path = UUAVAudioPlayer.h; sourceTree = "<group>"; };
		E798B85A1B85D79F00FA96B2 /* UUAVAudioPlayer.m */ = {isa = PBXFileReference; fileEncoding = 4; lastKnownFileType = sourcecode.c.objc; path = UUAVAudioPlayer.m; sourceTree = "<group>"; };
		E798B85E1B85DF3C00FA96B2 /* CommonNotifications.h */ = {isa = PBXFileReference; fileEncoding = 4; lastKnownFileType = sourcecode.c.h; path = CommonNotifications.h; sourceTree = "<group>"; };
		E798B85F1B85DF3C00FA96B2 /* CommonNotifications.m */ = {isa = PBXFileReference; fileEncoding = 4; lastKnownFileType = sourcecode.c.objc; path = CommonNotifications.m; sourceTree = "<group>"; };
		E7D55DA01B831222004A33FF /* NormalUtils.app */ = {isa = PBXFileReference; explicitFileType = wrapper.application; includeInIndex = 0; path = NormalUtils.app; sourceTree = BUILT_PRODUCTS_DIR; };
		E7D55DA31B831222004A33FF /* Foundation.framework */ = {isa = PBXFileReference; lastKnownFileType = wrapper.framework; name = Foundation.framework; path = System/Library/Frameworks/Foundation.framework; sourceTree = SDKROOT; };
		E7D55DA51B831222004A33FF /* CoreGraphics.framework */ = {isa = PBXFileReference; lastKnownFileType = wrapper.framework; name = CoreGraphics.framework; path = System/Library/Frameworks/CoreGraphics.framework; sourceTree = SDKROOT; };
		E7D55DA71B831222004A33FF /* UIKit.framework */ = {isa = PBXFileReference; lastKnownFileType = wrapper.framework; name = UIKit.framework; path = System/Library/Frameworks/UIKit.framework; sourceTree = SDKROOT; };
		E7D55DAB1B831222004A33FF /* NormalUtils-Info.plist */ = {isa = PBXFileReference; lastKnownFileType = text.plist.xml; path = "NormalUtils-Info.plist"; sourceTree = "<group>"; };
		E7D55DAD1B831222004A33FF /* en */ = {isa = PBXFileReference; lastKnownFileType = text.plist.strings; name = en; path = en.lproj/InfoPlist.strings; sourceTree = "<group>"; };
		E7D55DAF1B831222004A33FF /* main.m */ = {isa = PBXFileReference; lastKnownFileType = sourcecode.c.objc; path = main.m; sourceTree = "<group>"; };
		E7D55DB11B831222004A33FF /* NormalUtils-Prefix.pch */ = {isa = PBXFileReference; lastKnownFileType = sourcecode.c.h; path = "NormalUtils-Prefix.pch"; sourceTree = "<group>"; };
		E7D55DB21B831222004A33FF /* AppDelegate.h */ = {isa = PBXFileReference; lastKnownFileType = sourcecode.c.h; path = AppDelegate.h; sourceTree = "<group>"; };
		E7D55DB31B831222004A33FF /* AppDelegate.m */ = {isa = PBXFileReference; lastKnownFileType = sourcecode.c.objc; path = AppDelegate.m; sourceTree = "<group>"; };
		E7D55DB51B831222004A33FF /* Images.xcassets */ = {isa = PBXFileReference; lastKnownFileType = folder.assetcatalog; path = Images.xcassets; sourceTree = "<group>"; };
		E7D55DBB1B831222004A33FF /* NormalUtilsTests.xctest */ = {isa = PBXFileReference; explicitFileType = wrapper.cfbundle; includeInIndex = 0; path = NormalUtilsTests.xctest; sourceTree = BUILT_PRODUCTS_DIR; };
		E7D55DBC1B831222004A33FF /* XCTest.framework */ = {isa = PBXFileReference; lastKnownFileType = wrapper.framework; name = XCTest.framework; path = Library/Frameworks/XCTest.framework; sourceTree = DEVELOPER_DIR; };
		E7D55DC41B831222004A33FF /* NormalUtilsTests-Info.plist */ = {isa = PBXFileReference; lastKnownFileType = text.plist.xml; path = "NormalUtilsTests-Info.plist"; sourceTree = "<group>"; };
		E7D55DC61B831222004A33FF /* en */ = {isa = PBXFileReference; lastKnownFileType = text.plist.strings; name = en; path = en.lproj/InfoPlist.strings; sourceTree = "<group>"; };
		E7D55DC81B831222004A33FF /* NormalUtilsTests.m */ = {isa = PBXFileReference; lastKnownFileType = sourcecode.c.objc; path = NormalUtilsTests.m; sourceTree = "<group>"; };
		E7D55DDF1B831810004A33FF /* BaseViewController.h */ = {isa = PBXFileReference; fileEncoding = 4; lastKnownFileType = sourcecode.c.h; path = BaseViewController.h; sourceTree = "<group>"; };
		E7D55DE01B831810004A33FF /* BaseViewController.m */ = {isa = PBXFileReference; fileEncoding = 4; lastKnownFileType = sourcecode.c.objc; path = BaseViewController.m; sourceTree = "<group>"; };
		E7D55DE21B831810004A33FF /* Util_Blocks.h */ = {isa = PBXFileReference; fileEncoding = 4; lastKnownFileType = sourcecode.c.h; path = Util_Blocks.h; sourceTree = "<group>"; };
		E7D55DE31B831810004A33FF /* Util_Blocks.m */ = {isa = PBXFileReference; fileEncoding = 4; lastKnownFileType = sourcecode.c.objc; path = Util_Blocks.m; sourceTree = "<group>"; };
		E7D55DE51B831810004A33FF /* MainViewController.h */ = {isa = PBXFileReference; fileEncoding = 4; lastKnownFileType = sourcecode.c.h; path = MainViewController.h; sourceTree = "<group>"; };
		E7D55DE61B831810004A33FF /* MainViewController.m */ = {isa = PBXFileReference; fileEncoding = 4; lastKnownFileType = sourcecode.c.objc; path = MainViewController.m; sourceTree = "<group>"; };
		E7D55DE71B831810004A33FF /* MainViewController.xib */ = {isa = PBXFileReference; fileEncoding = 4; lastKnownFileType = file.xib; path = MainViewController.xib; sourceTree = "<group>"; };
		E7D55DEC1B831864004A33FF /* CommonDefines.h */ = {isa = PBXFileReference; lastKnownFileType = sourcecode.c.h; path = CommonDefines.h; sourceTree = "<group>"; };
		E7D55DED1B831881004A33FF /* LogDefines.h */ = {isa = PBXFileReference; lastKnownFileType = sourcecode.c.h; path = LogDefines.h; sourceTree = "<group>"; };
		E7D55DEE1B83190E004A33FF /* GlobCaches.h */ = {isa = PBXFileReference; fileEncoding = 4; lastKnownFileType = sourcecode.c.h; path = GlobCaches.h; sourceTree = "<group>"; };
		E7D55DEF1B83190E004A33FF /* GlobCaches.m */ = {isa = PBXFileReference; fileEncoding = 4; lastKnownFileType = sourcecode.c.objc; path = GlobCaches.m; sourceTree = "<group>"; };
		E7D55DF11B83196E004A33FF /* BaseNavigationController.h */ = {isa = PBXFileReference; fileEncoding = 4; lastKnownFileType = sourcecode.c.h; path = BaseNavigationController.h; sourceTree = "<group>"; };
		E7D55DF21B83196E004A33FF /* BaseNavigationController.m */ = {isa = PBXFileReference; fileEncoding = 4; lastKnownFileType = sourcecode.c.objc; path = BaseNavigationController.m; sourceTree = "<group>"; };
		E7D55DF41B831991004A33FF /* BaseView.h */ = {isa = PBXFileReference; fileEncoding = 4; lastKnownFileType = sourcecode.c.h; path = BaseView.h; sourceTree = "<group>"; };
		E7D55DF51B831991004A33FF /* BaseView.m */ = {isa = PBXFileReference; fileEncoding = 4; lastKnownFileType = sourcecode.c.objc; path = BaseView.m; sourceTree = "<group>"; };
		E7D55DF71B8319DF004A33FF /* BaseTableViewCell.h */ = {isa = PBXFileReference; fileEncoding = 4; lastKnownFileType = sourcecode.c.h; path = BaseTableViewCell.h; sourceTree = "<group>"; };
		E7D55DF81B8319DF004A33FF /* BaseTableViewCell.m */ = {isa = PBXFileReference; fileEncoding = 4; lastKnownFileType = sourcecode.c.objc; path = BaseTableViewCell.m; sourceTree = "<group>"; };
		E7D55DFA1B831AD7004A33FF /* MainNavigationController.h */ = {isa = PBXFileReference; fileEncoding = 4; lastKnownFileType = sourcecode.c.h; path = MainNavigationController.h; sourceTree = "<group>"; };
		E7D55DFB1B831AD7004A33FF /* MainNavigationController.m */ = {isa = PBXFileReference; fileEncoding = 4; lastKnownFileType = sourcecode.c.objc; path = MainNavigationController.m; sourceTree = "<group>"; };
		E7D55DFD1B832673004A33FF /* BaseObject.h */ = {isa = PBXFileReference; fileEncoding = 4; lastKnownFileType = sourcecode.c.h; path = BaseObject.h; sourceTree = "<group>"; };
		E7D55DFE1B832673004A33FF /* BaseObject.m */ = {isa = PBXFileReference; fileEncoding = 4; lastKnownFileType = sourcecode.c.objc; path = BaseObject.m; sourceTree = "<group>"; };
		E7D55E001B8326BD004A33FF /* ValidateUtil.h */ = {isa = PBXFileReference; fileEncoding = 4; lastKnownFileType = sourcecode.c.h; path = ValidateUtil.h; sourceTree = "<group>"; };
		E7D55E011B8326BD004A33FF /* ValidateUtil.m */ = {isa = PBXFileReference; fileEncoding = 4; lastKnownFileType = sourcecode.c.objc; path = ValidateUtil.m; sourceTree = "<group>"; };
		E7D55E031B833F73004A33FF /* TestStringViewController.h */ = {isa = PBXFileReference; fileEncoding = 4; lastKnownFileType = sourcecode.c.h; path = TestStringViewController.h; sourceTree = "<group>"; };
		E7D55E041B833F73004A33FF /* TestStringViewController.m */ = {isa = PBXFileReference; fileEncoding = 4; lastKnownFileType = sourcecode.c.objc; path = TestStringViewController.m; sourceTree = "<group>"; };
		E7D55E051B833F73004A33FF /* TestStringViewController.xib */ = {isa = PBXFileReference; fileEncoding = 4; lastKnownFileType = file.xib; path = TestStringViewController.xib; sourceTree = "<group>"; };
		E7D55E081B833FA1004A33FF /* TestImgCacheViewController.h */ = {isa = PBXFileReference; fileEncoding = 4; lastKnownFileType = sourcecode.c.h; path = TestImgCacheViewController.h; sourceTree = "<group>"; };
		E7D55E091B833FA1004A33FF /* TestImgCacheViewController.m */ = {isa = PBXFileReference; fileEncoding = 4; lastKnownFileType = sourcecode.c.objc; path = TestImgCacheViewController.m; sourceTree = "<group>"; };
		E7D55E0A1B833FA1004A33FF /* TestImgCacheViewController.xib */ = {isa = PBXFileReference; fileEncoding = 4; lastKnownFileType = file.xib; path = TestImgCacheViewController.xib; sourceTree = "<group>"; };
/* End PBXFileReference section */

/* Begin PBXFrameworksBuildPhase section */
		E7D55D9D1B831222004A33FF /* Frameworks */ = {
			isa = PBXFrameworksBuildPhase;
			buildActionMask = 2147483647;
			files = (
				E7D55DA61B831222004A33FF /* CoreGraphics.framework in Frameworks */,
				E798B85B1B85D79F00FA96B2 /* libmp3lame.a in Frameworks */,
				E7D55DA81B831222004A33FF /* UIKit.framework in Frameworks */,
				E7D55DA41B831222004A33FF /* Foundation.framework in Frameworks */,
			);
			runOnlyForDeploymentPostprocessing = 0;
		};
		E7D55DB81B831222004A33FF /* Frameworks */ = {
			isa = PBXFrameworksBuildPhase;
			buildActionMask = 2147483647;
			files = (
				E7D55DBD1B831222004A33FF /* XCTest.framework in Frameworks */,
				E7D55DBF1B831222004A33FF /* UIKit.framework in Frameworks */,
				E7D55DBE1B831222004A33FF /* Foundation.framework in Frameworks */,
			);
			runOnlyForDeploymentPostprocessing = 0;
		};
/* End PBXFrameworksBuildPhase section */

/* Begin PBXGroup section */
		E74811C91B8464C40009D2D8 /* Vender */ = {
			isa = PBXGroup;
			children = (
				E798B8541B85D79F00FA96B2 /* MP3Recorder */,
				E74811CA1B8464C40009D2D8 /* MBProgressHUD */,
				E74811D51B8464C40009D2D8 /* MJRefresh */,
				E74811DE1B8464C40009D2D8 /* SDURLCache */,
				E74811E51B8464C40009D2D8 /* UUInputAccessoryView */,
			);
			path = Vender;
			sourceTree = "<group>";
		};
		E74811CA1B8464C40009D2D8 /* MBProgressHUD */ = {
			isa = PBXGroup;
			children = (
				E74811D31B8464C40009D2D8 /* MBProgressHUD.h */,
				E74811D41B8464C40009D2D8 /* MBProgressHUD.m */,
				E74811FC1B8469480009D2D8 /* category */,
				E74812011B8469480009D2D8 /* icons */,
			);
			path = MBProgressHUD;
			sourceTree = "<group>";
		};
		E74811D51B8464C40009D2D8 /* MJRefresh */ = {
			isa = PBXGroup;
			children = (
				E74811D61B8464C40009D2D8 /* MJRefresh.bundle */,
				E74811D71B8464C40009D2D8 /* MJRefresh.h */,
				E74811D81B8464C40009D2D8 /* MJRefreshBaseView.h */,
				E74811D91B8464C40009D2D8 /* MJRefreshBaseView.m */,
				E74811DA1B8464C40009D2D8 /* MJRefreshFooterView.h */,
				E74811DB1B8464C40009D2D8 /* MJRefreshFooterView.m */,
				E74811DC1B8464C40009D2D8 /* MJRefreshHeaderView.h */,
				E74811DD1B8464C40009D2D8 /* MJRefreshHeaderView.m */,
			);
			path = MJRefresh;
			sourceTree = "<group>";
		};
		E74811DE1B8464C40009D2D8 /* SDURLCache */ = {
			isa = PBXGroup;
			children = (
				E74811DF1B8464C40009D2D8 /* SDURLCache.h */,
				E74811E01B8464C40009D2D8 /* SDURLCache.m */,
			);
			path = SDURLCache;
			sourceTree = "<group>";
		};
		E74811E51B8464C40009D2D8 /* UUInputAccessoryView */ = {
			isa = PBXGroup;
			children = (
				E74811E61B8464C40009D2D8 /* UUInputAccessoryView.h */,
				E74811E71B8464C40009D2D8 /* UUInputAccessoryView.m */,
			);
			path = UUInputAccessoryView;
			sourceTree = "<group>";
		};
		E74811FC1B8469480009D2D8 /* category */ = {
			isa = PBXGroup;
			children = (
				E74811FD1B8469480009D2D8 /* UIView+HUD.h */,
				E74811FE1B8469480009D2D8 /* UIView+HUD.m */,
				E74811FF1B8469480009D2D8 /* UIViewController+HUD.h */,
				E74812001B8469480009D2D8 /* UIViewController+HUD.m */,
			);
			path = category;
			sourceTree = "<group>";
		};
		E74812011B8469480009D2D8 /* icons */ = {
			isa = PBXGroup;
			children = (
				E74812021B8469480009D2D8 /* 37x-Checkmark.png */,
				E74812031B8469480009D2D8 /* 37x-Checkmark@2x.png */,
				E74812041B8469480009D2D8 /* icon-error.png */,
				E74812051B8469480009D2D8 /* icon-error@2x.png */,
				E74812061B8469480009D2D8 /* icon-info.png */,
				E74812071B8469480009D2D8 /* icon-info@2x.png */,
				E74812081B8469480009D2D8 /* icon-success.png */,
				E74812091B8469480009D2D8 /* icon-success@2x.png */,
			);
			path = icons;
			sourceTree = "<group>";
		};
		E798B8361B85B70100FA96B2 /* Categorys */ = {
			isa = PBXGroup;
			children = (
				E798B8501B85D78F00FA96B2 /* NSDate */,
				E798B83D1B85B7A700FA96B2 /* NSString */,
				E798B8401B85B7A700FA96B2 /* UIColor */,
				E798B8431B85B7A700FA96B2 /* UIView */,
				E798B8461B85B7A700FA96B2 /* UIWebView */,
			);
			path = Categorys;
			sourceTree = "<group>";
		};
		E798B83D1B85B7A700FA96B2 /* NSString */ = {
			isa = PBXGroup;
			children = (
				E798B83E1B85B7A700FA96B2 /* NSString+create.h */,
				E798B83F1B85B7A700FA96B2 /* NSString+create.m */,
				E798B84D1B85C87600FA96B2 /* NSString+drawing.h */,
				E798B84E1B85C87600FA96B2 /* NSString+drawing.m */,
			);
			path = NSString;
			sourceTree = "<group>";
		};
		E798B8401B85B7A700FA96B2 /* UIColor */ = {
			isa = PBXGroup;
			children = (
				E798B8411B85B7A700FA96B2 /* UIColor+Util.h */,
				E798B8421B85B7A700FA96B2 /* UIColor+Util.m */,
			);
			path = UIColor;
			sourceTree = "<group>";
		};
		E798B8431B85B7A700FA96B2 /* UIView */ = {
			isa = PBXGroup;
			children = (
				E798B8441B85B7A700FA96B2 /* UIView+Util.h */,
				E798B8451B85B7A700FA96B2 /* UIView+Util.m */,
			);
			path = UIView;
			sourceTree = "<group>";
		};
		E798B8461B85B7A700FA96B2 /* UIWebView */ = {
			isa = PBXGroup;
			children = (
				E798B8471B85B7A700FA96B2 /* UIWebView+operations.h */,
				E798B8481B85B7A700FA96B2 /* UIWebView+operations.m */,
			);
			path = UIWebView;
			sourceTree = "<group>";
		};
		E798B8501B85D78F00FA96B2 /* NSDate */ = {
			isa = PBXGroup;
			children = (
				E798B8511B85D78F00FA96B2 /* NSDate+Utils.h */,
				E798B8521B85D78F00FA96B2 /* NSDate+Utils.m */,
			);
			path = NSDate;
			sourceTree = "<group>";
		};
		E798B8541B85D79F00FA96B2 /* MP3Recorder */ = {
			isa = PBXGroup;
			children = (
				E798B8551B85D79F00FA96B2 /* lame.h */,
				E798B8561B85D79F00FA96B2 /* libmp3lame.a */,
				E798B8571B85D79F00FA96B2 /* Mp3Recorder.h */,
				E798B8581B85D79F00FA96B2 /* Mp3Recorder.m */,
				E798B8591B85D79F00FA96B2 /* UUAVAudioPlayer.h */,
				E798B85A1B85D79F00FA96B2 /* UUAVAudioPlayer.m */,
			);
			path = MP3Recorder;
			sourceTree = "<group>";
		};
		E7D55D971B831222004A33FF = {
			isa = PBXGroup;
			children = (
				E7D55DA91B831222004A33FF /* NormalUtils */,
				E7D55DC21B831222004A33FF /* NormalUtilsTests */,
				E7D55DA21B831222004A33FF /* Frameworks */,
				E7D55DA11B831222004A33FF /* Products */,
			);
			sourceTree = "<group>";
		};
		E7D55DA11B831222004A33FF /* Products */ = {
			isa = PBXGroup;
			children = (
				E7D55DA01B831222004A33FF /* NormalUtils.app */,
				E7D55DBB1B831222004A33FF /* NormalUtilsTests.xctest */,
			);
			name = Products;
			sourceTree = "<group>";
		};
		E7D55DA21B831222004A33FF /* Frameworks */ = {
			isa = PBXGroup;
			children = (
				E7D55DA31B831222004A33FF /* Foundation.framework */,
				E7D55DA51B831222004A33FF /* CoreGraphics.framework */,
				E7D55DA71B831222004A33FF /* UIKit.framework */,
				E7D55DBC1B831222004A33FF /* XCTest.framework */,
			);
			name = Frameworks;
			sourceTree = "<group>";
		};
		E7D55DA91B831222004A33FF /* NormalUtils */ = {
			isa = PBXGroup;
			children = (
				E7D55DB21B831222004A33FF /* AppDelegate.h */,
				E7D55DB31B831222004A33FF /* AppDelegate.m */,
				E7D55DDD1B831810004A33FF /* Classes */,
				E7D55DB51B831222004A33FF /* Images.xcassets */,
				E7D55DAA1B831222004A33FF /* Supporting Files */,
			);
			path = NormalUtils;
			sourceTree = "<group>";
		};
		E7D55DAA1B831222004A33FF /* Supporting Files */ = {
			isa = PBXGroup;
			children = (
				E7D55DAB1B831222004A33FF /* NormalUtils-Info.plist */,
				E7D55DAC1B831222004A33FF /* InfoPlist.strings */,
				E7D55DAF1B831222004A33FF /* main.m */,
				E7D55DB11B831222004A33FF /* NormalUtils-Prefix.pch */,
			);
			name = "Supporting Files";
			sourceTree = "<group>";
		};
		E7D55DC21B831222004A33FF /* NormalUtilsTests */ = {
			isa = PBXGroup;
			children = (
				E7D55DC81B831222004A33FF /* NormalUtilsTests.m */,
				E7D55DC31B831222004A33FF /* Supporting Files */,
			);
			path = NormalUtilsTests;
			sourceTree = "<group>";
		};
		E7D55DC31B831222004A33FF /* Supporting Files */ = {
			isa = PBXGroup;
			children = (
				E7D55DC41B831222004A33FF /* NormalUtilsTests-Info.plist */,
				E7D55DC51B831222004A33FF /* InfoPlist.strings */,
			);
			name = "Supporting Files";
			sourceTree = "<group>";
		};
		E7D55DDD1B831810004A33FF /* Classes */ = {
			isa = PBXGroup;
			children = (
				E7D55DDE1B831810004A33FF /* BaseDefines */,
				E798B8361B85B70100FA96B2 /* Categorys */,
				E7D55DE41B831810004A33FF /* Views */,
				E7D55DE11B831810004A33FF /* Utils */,
				E74811C91B8464C40009D2D8 /* Vender */,
			);
			path = Classes;
			sourceTree = "<group>";
		};
		E7D55DDE1B831810004A33FF /* BaseDefines */ = {
			isa = PBXGroup;
			children = (
				E7D55DEC1B831864004A33FF /* CommonDefines.h */,
				E798B85E1B85DF3C00FA96B2 /* CommonNotifications.h */,
				E798B85F1B85DF3C00FA96B2 /* CommonNotifications.m */,
				E7D55DED1B831881004A33FF /* LogDefines.h */,
				E7D55DFD1B832673004A33FF /* BaseObject.h */,
				E7D55DFE1B832673004A33FF /* BaseObject.m */,
				E7D55DF41B831991004A33FF /* BaseView.h */,
				E7D55DF51B831991004A33FF /* BaseView.m */,
				E7D55DF71B8319DF004A33FF /* BaseTableViewCell.h */,
				E7D55DF81B8319DF004A33FF /* BaseTableViewCell.m */,
				E7D55DDF1B831810004A33FF /* BaseViewController.h */,
				E7D55DE01B831810004A33FF /* BaseViewController.m */,
				E7D55DF11B83196E004A33FF /* BaseNavigationController.h */,
				E7D55DF21B83196E004A33FF /* BaseNavigationController.m */,
			);
			path = BaseDefines;
			sourceTree = "<group>";
		};
		E7D55DE11B831810004A33FF /* Utils */ = {
			isa = PBXGroup;
			children = (
				E7D55DEE1B83190E004A33FF /* GlobCaches.h */,
				E7D55DEF1B83190E004A33FF /* GlobCaches.m */,
				E7D55DE21B831810004A33FF /* Util_Blocks.h */,
				E7D55DE31B831810004A33FF /* Util_Blocks.m */,
				E7D55E001B8326BD004A33FF /* ValidateUtil.h */,
				E7D55E011B8326BD004A33FF /* ValidateUtil.m */,
			);
			path = Utils;
			sourceTree = "<group>";
		};
		E7D55DE41B831810004A33FF /* Views */ = {
			isa = PBXGroup;
			children = (
				E7D55DFA1B831AD7004A33FF /* MainNavigationController.h */,
				E7D55DFB1B831AD7004A33FF /* MainNavigationController.m */,
				E7D55DE51B831810004A33FF /* MainViewController.h */,
				E7D55DE61B831810004A33FF /* MainViewController.m */,
				E7D55DE71B831810004A33FF /* MainViewController.xib */,
				E7D55E031B833F73004A33FF /* TestStringViewController.h */,
				E7D55E041B833F73004A33FF /* TestStringViewController.m */,
				E7D55E051B833F73004A33FF /* TestStringViewController.xib */,
				E7D55E081B833FA1004A33FF /* TestImgCacheViewController.h */,
				E7D55E091B833FA1004A33FF /* TestImgCacheViewController.m */,
				E7D55E0A1B833FA1004A33FF /* TestImgCacheViewController.xib */,
			);
			path = Views;
			sourceTree = "<group>";
		};
/* End PBXGroup section */

/* Begin PBXNativeTarget section */
		E7D55D9F1B831222004A33FF /* NormalUtils */ = {
			isa = PBXNativeTarget;
			buildConfigurationList = E7D55DCC1B831222004A33FF /* Build configuration list for PBXNativeTarget "NormalUtils" */;
			buildPhases = (
				E7D55D9C1B831222004A33FF /* Sources */,
				E7D55D9D1B831222004A33FF /* Frameworks */,
				E7D55D9E1B831222004A33FF /* Resources */,
			);
			buildRules = (
			);
			dependencies = (
			);
			name = NormalUtils;
			productName = NormalUtils;
			productReference = E7D55DA01B831222004A33FF /* NormalUtils.app */;
			productType = "com.apple.product-type.application";
		};
		E7D55DBA1B831222004A33FF /* NormalUtilsTests */ = {
			isa = PBXNativeTarget;
			buildConfigurationList = E7D55DCF1B831222004A33FF /* Build configuration list for PBXNativeTarget "NormalUtilsTests" */;
			buildPhases = (
				E7D55DB71B831222004A33FF /* Sources */,
				E7D55DB81B831222004A33FF /* Frameworks */,
				E7D55DB91B831222004A33FF /* Resources */,
			);
			buildRules = (
			);
			dependencies = (
				E7D55DC11B831222004A33FF /* PBXTargetDependency */,
			);
			name = NormalUtilsTests;
			productName = NormalUtilsTests;
			productReference = E7D55DBB1B831222004A33FF /* NormalUtilsTests.xctest */;
			productType = "com.apple.product-type.bundle.unit-test";
		};
/* End PBXNativeTarget section */

/* Begin PBXProject section */
		E7D55D981B831222004A33FF /* Project object */ = {
			isa = PBXProject;
			attributes = {
				LastUpgradeCheck = 0510;
				ORGANIZATIONNAME = wsliang;
				TargetAttributes = {
					E7D55DBA1B831222004A33FF = {
						TestTargetID = E7D55D9F1B831222004A33FF;
					};
				};
			};
			buildConfigurationList = E7D55D9B1B831222004A33FF /* Build configuration list for PBXProject "NormalUtils" */;
			compatibilityVersion = "Xcode 3.2";
			developmentRegion = English;
			hasScannedForEncodings = 0;
			knownRegions = (
				en,
			);
			mainGroup = E7D55D971B831222004A33FF;
			productRefGroup = E7D55DA11B831222004A33FF /* Products */;
			projectDirPath = "";
			projectRoot = "";
			targets = (
				E7D55D9F1B831222004A33FF /* NormalUtils */,
				E7D55DBA1B831222004A33FF /* NormalUtilsTests */,
			);
		};
/* End PBXProject section */

/* Begin PBXResourcesBuildPhase section */
		E7D55D9E1B831222004A33FF /* Resources */ = {
			isa = PBXResourcesBuildPhase;
			buildActionMask = 2147483647;
			files = (
				E748120E1B8469480009D2D8 /* icon-error.png in Resources */,
				E74812131B8469480009D2D8 /* icon-success@2x.png in Resources */,
				E74811F11B8464C40009D2D8 /* MJRefresh.bundle in Resources */,
				E748120D1B8469480009D2D8 /* 37x-Checkmark@2x.png in Resources */,
				E74812111B8469480009D2D8 /* icon-info@2x.png in Resources */,
				E74812121B8469480009D2D8 /* icon-success.png in Resources */,
				E74812101B8469480009D2D8 /* icon-info.png in Resources */,
				E7D55DAE1B831222004A33FF /* InfoPlist.strings in Resources */,
				E748120F1B8469480009D2D8 /* icon-error@2x.png in Resources */,
				E748120C1B8469480009D2D8 /* 37x-Checkmark.png in Resources */,
				E7D55E0C1B833FA1004A33FF /* TestImgCacheViewController.xib in Resources */,
				E7D55DEB1B831810004A33FF /* MainViewController.xib in Resources */,
				E7D55DB61B831222004A33FF /* Images.xcassets in Resources */,
				E7D55E071B833F73004A33FF /* TestStringViewController.xib in Resources */,
			);
			runOnlyForDeploymentPostprocessing = 0;
		};
		E7D55DB91B831222004A33FF /* Resources */ = {
			isa = PBXResourcesBuildPhase;
			buildActionMask = 2147483647;
			files = (
				E7D55DC71B831222004A33FF /* InfoPlist.strings in Resources */,
			);
			runOnlyForDeploymentPostprocessing = 0;
		};
/* End PBXResourcesBuildPhase section */

/* Begin PBXSourcesBuildPhase section */
		E7D55D9C1B831222004A33FF /* Sources */ = {
			isa = PBXSourcesBuildPhase;
			buildActionMask = 2147483647;
			files = (
				E74811F51B8464C40009D2D8 /* SDURLCache.m in Sources */,
				E7D55DF91B8319DF004A33FF /* BaseTableViewCell.m in Sources */,
				E798B8601B85DF3C00FA96B2 /* CommonNotifications.m in Sources */,
				E7D55DB41B831222004A33FF /* AppDelegate.m in Sources */,
				E7D55DF31B83196E004A33FF /* BaseNavigationController.m in Sources */,
				E7D55DE81B831810004A33FF /* BaseViewController.m in Sources */,
				E798B84F1B85C87600FA96B2 /* NSString+drawing.m in Sources */,
				E74811F31B8464C40009D2D8 /* MJRefreshFooterView.m in Sources */,
				E74811F41B8464C40009D2D8 /* MJRefreshHeaderView.m in Sources */,
				E798B8531B85D78F00FA96B2 /* NSDate+Utils.m in Sources */,
				E798B84A1B85B7A700FA96B2 /* UIColor+Util.m in Sources */,
				E7D55DFC1B831AD7004A33FF /* MainNavigationController.m in Sources */,
				E74811F21B8464C40009D2D8 /* MJRefreshBaseView.m in Sources */,
				E7D55E021B8326BD004A33FF /* ValidateUtil.m in Sources */,
				E74811F01B8464C40009D2D8 /* MBProgressHUD.m in Sources */,
				E7D55E061B833F73004A33FF /* TestStringViewController.m in Sources */,
				E7D55E0B1B833FA1004A33FF /* TestImgCacheViewController.m in Sources */,
				E7D55DF61B831991004A33FF /* BaseView.m in Sources */,
				E798B84B1B85B7A700FA96B2 /* UIView+Util.m in Sources */,
				E748120A1B8469480009D2D8 /* UIView+HUD.m in Sources */,
				E74811F81B8464C40009D2D8 /* UUInputAccessoryView.m in Sources */,
				E798B8491B85B7A700FA96B2 /* NSString+create.m in Sources */,
				E748120B1B8469480009D2D8 /* UIViewController+HUD.m in Sources */,
				E798B85D1B85D79F00FA96B2 /* UUAVAudioPlayer.m in Sources */,
				E7D55DF01B83190E004A33FF /* GlobCaches.m in Sources */,
				E7D55DFF1B832673004A33FF /* BaseObject.m in Sources */,
				E7D55DB01B831222004A33FF /* main.m in Sources */,
				E798B84C1B85B7A700FA96B2 /* UIWebView+operations.m in Sources */,
				E7D55DEA1B831810004A33FF /* MainViewController.m in Sources */,
				E798B85C1B85D79F00FA96B2 /* Mp3Recorder.m in Sources */,
				E7D55DE91B831810004A33FF /* Util_Blocks.m in Sources */,
			);
			runOnlyForDeploymentPostprocessing = 0;
		};
		E7D55DB71B831222004A33FF /* Sources */ = {
			isa = PBXSourcesBuildPhase;
			buildActionMask = 2147483647;
			files = (
				E7D55DC91B831222004A33FF /* NormalUtilsTests.m in Sources */,
			);
			runOnlyForDeploymentPostprocessing = 0;
		};
/* End PBXSourcesBuildPhase section */

/* Begin PBXTargetDependency section */
		E7D55DC11B831222004A33FF /* PBXTargetDependency */ = {
			isa = PBXTargetDependency;
			target = E7D55D9F1B831222004A33FF /* NormalUtils */;
			targetProxy = E7D55DC01B831222004A33FF /* PBXContainerItemProxy */;
		};
/* End PBXTargetDependency section */

/* Begin PBXVariantGroup section */
		E7D55DAC1B831222004A33FF /* InfoPlist.strings */ = {
			isa = PBXVariantGroup;
			children = (
				E7D55DAD1B831222004A33FF /* en */,
			);
			name = InfoPlist.strings;
			sourceTree = "<group>";
		};
		E7D55DC51B831222004A33FF /* InfoPlist.strings */ = {
			isa = PBXVariantGroup;
			children = (
				E7D55DC61B831222004A33FF /* en */,
			);
			name = InfoPlist.strings;
			sourceTree = "<group>";
		};
/* End PBXVariantGroup section */

/* Begin XCBuildConfiguration section */
		E7D55DCA1B831222004A33FF /* Debug */ = {
			isa = XCBuildConfiguration;
			buildSettings = {
				ALWAYS_SEARCH_USER_PATHS = NO;
				CLANG_CXX_LANGUAGE_STANDARD = "gnu++0x";
				CLANG_CXX_LIBRARY = "libc++";
				CLANG_ENABLE_MODULES = YES;
				CLANG_ENABLE_OBJC_ARC = YES;
				CLANG_WARN_BOOL_CONVERSION = YES;
				CLANG_WARN_CONSTANT_CONVERSION = YES;
				CLANG_WARN_DIRECT_OBJC_ISA_USAGE = YES_ERROR;
				CLANG_WARN_EMPTY_BODY = YES;
				CLANG_WARN_ENUM_CONVERSION = YES;
				CLANG_WARN_INT_CONVERSION = YES;
				CLANG_WARN_OBJC_ROOT_CLASS = YES_ERROR;
				CLANG_WARN__DUPLICATE_METHOD_MATCH = YES;
				"CODE_SIGN_IDENTITY[sdk=iphoneos*]" = "iPhone Developer";
				COPY_PHASE_STRIP = NO;
				GCC_C_LANGUAGE_STANDARD = gnu99;
				GCC_DYNAMIC_NO_PIC = NO;
				GCC_OPTIMIZATION_LEVEL = 0;
				GCC_PREPROCESSOR_DEFINITIONS = (
					"DEBUG=1",
					"$(inherited)",
				);
				GCC_SYMBOLS_PRIVATE_EXTERN = NO;
				GCC_WARN_64_TO_32_BIT_CONVERSION = YES;
				GCC_WARN_ABOUT_RETURN_TYPE = YES_ERROR;
				GCC_WARN_UNDECLARED_SELECTOR = YES;
				GCC_WARN_UNINITIALIZED_AUTOS = YES_AGGRESSIVE;
				GCC_WARN_UNUSED_FUNCTION = YES;
				GCC_WARN_UNUSED_VARIABLE = YES;
				IPHONEOS_DEPLOYMENT_TARGET = 7.1;
				ONLY_ACTIVE_ARCH = YES;
				SDKROOT = iphoneos;
			};
			name = Debug;
		};
		E7D55DCB1B831222004A33FF /* Release */ = {
			isa = XCBuildConfiguration;
			buildSettings = {
				ALWAYS_SEARCH_USER_PATHS = NO;
				CLANG_CXX_LANGUAGE_STANDARD = "gnu++0x";
				CLANG_CXX_LIBRARY = "libc++";
				CLANG_ENABLE_MODULES = YES;
				CLANG_ENABLE_OBJC_ARC = YES;
				CLANG_WARN_BOOL_CONVERSION = YES;
				CLANG_WARN_CONSTANT_CONVERSION = YES;
				CLANG_WARN_DIRECT_OBJC_ISA_USAGE = YES_ERROR;
				CLANG_WARN_EMPTY_BODY = YES;
				CLANG_WARN_ENUM_CONVERSION = YES;
				CLANG_WARN_INT_CONVERSION = YES;
				CLANG_WARN_OBJC_ROOT_CLASS = YES_ERROR;
				CLANG_WARN__DUPLICATE_METHOD_MATCH = YES;
				"CODE_SIGN_IDENTITY[sdk=iphoneos*]" = "iPhone Developer";
				COPY_PHASE_STRIP = YES;
				ENABLE_NS_ASSERTIONS = NO;
				GCC_C_LANGUAGE_STANDARD = gnu99;
				GCC_WARN_64_TO_32_BIT_CONVERSION = YES;
				GCC_WARN_ABOUT_RETURN_TYPE = YES_ERROR;
				GCC_WARN_UNDECLARED_SELECTOR = YES;
				GCC_WARN_UNINITIALIZED_AUTOS = YES_AGGRESSIVE;
				GCC_WARN_UNUSED_FUNCTION = YES;
				GCC_WARN_UNUSED_VARIABLE = YES;
				IPHONEOS_DEPLOYMENT_TARGET = 7.1;
				SDKROOT = iphoneos;
				VALIDATE_PRODUCT = YES;
			};
			name = Release;
		};
		E7D55DCD1B831222004A33FF /* Debug */ = {
			isa = XCBuildConfiguration;
			buildSettings = {
				ASSETCATALOG_COMPILER_APPICON_NAME = AppIcon;
				ASSETCATALOG_COMPILER_LAUNCHIMAGE_NAME = LaunchImage;
				GCC_PRECOMPILE_PREFIX_HEADER = YES;
				GCC_PREFIX_HEADER = "NormalUtils/NormalUtils-Prefix.pch";
				INFOPLIST_FILE = "NormalUtils/NormalUtils-Info.plist";
				LIBRARY_SEARCH_PATHS = (
					"$(inherited)",
					"$(PROJECT_DIR)/NormalUtils/Classes/Vender/MP3Recorder",
				);
				PRODUCT_NAME = "$(TARGET_NAME)";
				WRAPPER_EXTENSION = app;
			};
			name = Debug;
		};
		E7D55DCE1B831222004A33FF /* Release */ = {
			isa = XCBuildConfiguration;
			buildSettings = {
				ASSETCATALOG_COMPILER_APPICON_NAME = AppIcon;
				ASSETCATALOG_COMPILER_LAUNCHIMAGE_NAME = LaunchImage;
				GCC_PRECOMPILE_PREFIX_HEADER = YES;
				GCC_PREFIX_HEADER = "NormalUtils/NormalUtils-Prefix.pch";
				INFOPLIST_FILE = "NormalUtils/NormalUtils-Info.plist";
				LIBRARY_SEARCH_PATHS = (
					"$(inherited)",
					"$(PROJECT_DIR)/NormalUtils/Classes/Vender/MP3Recorder",
				);
				PRODUCT_NAME = "$(TARGET_NAME)";
				WRAPPER_EXTENSION = app;
			};
			name = Release;
		};
		E7D55DD01B831222004A33FF /* Debug */ = {
			isa = XCBuildConfiguration;
			buildSettings = {
				BUNDLE_LOADER = "$(BUILT_PRODUCTS_DIR)/NormalUtils.app/NormalUtils";
				FRAMEWORK_SEARCH_PATHS = (
					"$(SDKROOT)/Developer/Library/Frameworks",
					"$(inherited)",
					"$(DEVELOPER_FRAMEWORKS_DIR)",
				);
				GCC_PRECOMPILE_PREFIX_HEADER = YES;
				GCC_PREFIX_HEADER = "NormalUtils/NormalUtils-Prefix.pch";
				GCC_PREPROCESSOR_DEFINITIONS = (
					"DEBUG=1",
					"$(inherited)",
				);
				INFOPLIST_FILE = "NormalUtilsTests/NormalUtilsTests-Info.plist";
				PRODUCT_NAME = "$(TARGET_NAME)";
				TEST_HOST = "$(BUNDLE_LOADER)";
				WRAPPER_EXTENSION = xctest;
			};
			name = Debug;
		};
		E7D55DD11B831222004A33FF /* Release */ = {
			isa = XCBuildConfiguration;
			buildSettings = {
				BUNDLE_LOADER = "$(BUILT_PRODUCTS_DIR)/NormalUtils.app/NormalUtils";
				FRAMEWORK_SEARCH_PATHS = (
					"$(SDKROOT)/Developer/Library/Frameworks",
					"$(inherited)",
					"$(DEVELOPER_FRAMEWORKS_DIR)",
				);
				GCC_PRECOMPILE_PREFIX_HEADER = YES;
				GCC_PREFIX_HEADER = "NormalUtils/NormalUtils-Prefix.pch";
				INFOPLIST_FILE = "NormalUtilsTests/NormalUtilsTests-Info.plist";
				PRODUCT_NAME = "$(TARGET_NAME)";
				TEST_HOST = "$(BUNDLE_LOADER)";
				WRAPPER_EXTENSION = xctest;
			};
			name = Release;
		};
/* End XCBuildConfiguration section */

/* Begin XCConfigurationList section */
		E7D55D9B1B831222004A33FF /* Build configuration list for PBXProject "NormalUtils" */ = {
			isa = XCConfigurationList;
			buildConfigurations = (
				E7D55DCA1B831222004A33FF /* Debug */,
				E7D55DCB1B831222004A33FF /* Release */,
			);
			defaultConfigurationIsVisible = 0;
			defaultConfigurationName = Release;
		};
		E7D55DCC1B831222004A33FF /* Build configuration list for PBXNativeTarget "NormalUtils" */ = {
			isa = XCConfigurationList;
			buildConfigurations = (
				E7D55DCD1B831222004A33FF /* Debug */,
				E7D55DCE1B831222004A33FF /* Release */,
			);
			defaultConfigurationIsVisible = 0;
			defaultConfigurationName = Release;
		};
		E7D55DCF1B831222004A33FF /* Build configuration list for PBXNativeTarget "NormalUtilsTests" */ = {
			isa = XCConfigurationList;
			buildConfigurations = (
				E7D55DD01B831222004A33FF /* Debug */,
				E7D55DD11B831222004A33FF /* Release */,
			);
			defaultConfigurationIsVisible = 0;
			defaultConfigurationName = Release;
		};
/* End XCConfigurationList section */
	};
	rootObject = E7D55D981B831222004A33FF /* Project object */;
}
